// !$*UTF8*$!
{
	archiveVersion = 1;
	classes = {
	};
	objectVersion = 77;
	objects = {

/* Begin PBXBuildFile section */
		0F50FDE9FC1F85B6AF7340D5 /* MacroCard.swift in Sources */ = {isa = PBXBuildFile; fileRef = 5B5CEDEF6DAA54A74AC7D56E /* MacroCard.swift */; };
		352A2BDCF475074745588CC5 /* ExerciseItem.swift in Sources */ = {isa = PBXBuildFile; fileRef = C3EF913E189B34F56C5D11AD /* ExerciseItem.swift */; };
		390A2A4823F642F910A34BFE /* FitnessLogEntry.swift in Sources */ = {isa = PBXBuildFile; fileRef = 912CFD0DA61DCB3D1A1C0ADF /* FitnessLogEntry.swift */; };
		419977C8CEB8DF08A995F918 /* NumberInput.swift in Sources */ = {isa = PBXBuildFile; fileRef = EA6F388ADAE433B9778079FB /* NumberInput.swift */; };
		42D1461DF103D79503B8DC1D /* FoodItem.swift in Sources */ = {isa = PBXBuildFile; fileRef = 39EF0AFF032AD0612B918643 /* FoodItem.swift */; };
		6787C9619F48E7340A788498 /* FoodLogEntry.swift in Sources */ = {isa = PBXBuildFile; fileRef = FAAA3E2715A816CD9519756B /* FoodLogEntry.swift */; };
		70467842BBB92FE825742F81 /* UserGoals.swift in Sources */ = {isa = PBXBuildFile; fileRef = 9FB42B1D68B03B51FF83CA54 /* UserGoals.swift */; };
		704882D79EE8841371D454CE /* Color+Hex.swift in Sources */ = {isa = PBXBuildFile; fileRef = 904A8D11B4BFE7000CFADD99 /* Color+Hex.swift */; };
		7626D52FAE13E84E6315F864 /* AppColors.swift in Sources */ = {isa = PBXBuildFile; fileRef = DA2CD710C2A1F54C07B105F1 /* AppColors.swift */; };
		76EECB56723F699EEC32EC54 /* CategoryGrid.swift in Sources */ = {isa = PBXBuildFile; fileRef = 4FEB56A4DFE871CF81739742 /* CategoryGrid.swift */; };
		7E5B823469E3FEC2D1A3416F /* FoodRow.swift in Sources */ = {isa = PBXBuildFile; fileRef = 4D54B3A683A21BFC40095AA8 /* FoodRow.swift */; };
		874332FFF72FF0E176FB3098 /* CustomTabBar.swift in Sources */ = {isa = PBXBuildFile; fileRef = 954CA5BBD908EA10A2B6F9B5 /* CustomTabBar.swift */; };
		8FC22C324CCFDF440053DCC9 /* NewMeApp.swift in Sources */ = {isa = PBXBuildFile; fileRef = 3B289E6FB92A13EA015B05C0 /* NewMeApp.swift */; };
		93EF3D2B5A44273D588F1D21 /* SummaryPill.swift in Sources */ = {isa = PBXBuildFile; fileRef = CE27B05FEDD4D981F2C77ED7 /* SummaryPill.swift */; };
		9E53E30D1096E4ACEEC02611 /* FoodLogView.swift in Sources */ = {isa = PBXBuildFile; fileRef = DD424F6088E97F7A54955847 /* FoodLogView.swift */; };
		A4909DDDA04FFCB61B8D8ACE /* CalendarView.swift in Sources */ = {isa = PBXBuildFile; fileRef = C2EFDBD1137E6026D7C9009C /* CalendarView.swift */; };
		A5DC0E141BFC5B1D28BCF594 /* SettingsView.swift in Sources */ = {isa = PBXBuildFile; fileRef = D94957530C2BE28816CF223D /* SettingsView.swift */; };
		A639E1C5970D6AC87BAF9242 /* AppHeader.swift in Sources */ = {isa = PBXBuildFile; fileRef = 8B7592FF7D0F6E7C700EA8AD /* AppHeader.swift */; };
		C5DAA9C35A39D4ACBA2D7CFF /* SpendingLogView.swift in Sources */ = {isa = PBXBuildFile; fileRef = 5939A353E2A49EAFBE6137AF /* SpendingLogView.swift */; };
		D206A8F408F9C5719BA3B49C /* Assets.xcassets in Resources */ = {isa = PBXBuildFile; fileRef = 684530DC556EA7D10A42C4A9 /* Assets.xcassets */; };
		D2FAABAE0AC61051F5B83983 /* Preview Assets.xcassets in Resources */ = {isa = PBXBuildFile; fileRef = 624447AAA11AB189D2A33409 /* Preview Assets.xcassets */; };
		D7A6A5A862F09D3942F04938 /* ContentView.swift in Sources */ = {isa = PBXBuildFile; fileRef = A761C7390AECA8E169F2D91F /* ContentView.swift */; };
		DB82F1D3453EC18A96080F5B /* DateFormatters.swift in Sources */ = {isa = PBXBuildFile; fileRef = 6B78BF2D3FEE409FC4301F65 /* DateFormatters.swift */; };
		DD9190FAABFA7A1F32D2E39B /* RootView.swift in Sources */ = {isa = PBXBuildFile; fileRef = 0E8FA1BF1DD34AB328B6C2C0 /* RootView.swift */; };
		E2F99F5946F2AB03BD9F5EF2 /* SeedData.swift in Sources */ = {isa = PBXBuildFile; fileRef = 3DFEA0B75CB3F1AB0E5D2059 /* SeedData.swift */; };
		F4068D009A714787C53EC797 /* ExerciseCard.swift in Sources */ = {isa = PBXBuildFile; fileRef = CE490BB03964E90CD36D109B /* ExerciseCard.swift */; };
		F650086D53109F7CFFE6C927 /* FitnessLogView.swift in Sources */ = {isa = PBXBuildFile; fileRef = 14D97B3BF87C3AFC6D6A405A /* FitnessLogView.swift */; };
		F87221C9A041E49B853E1D98 /* AmountKeypad.swift in Sources */ = {isa = PBXBuildFile; fileRef = DD9C00A2BC3DF6C43D82FF40 /* AmountKeypad.swift */; };
		FB2C034CAB57F04F4E4EB571 /* SpendLogEntry.swift in Sources */ = {isa = PBXBuildFile; fileRef = 68D54D8EF5353BFC0B877D2D /* SpendLogEntry.swift */; };
/* End PBXBuildFile section */

/* Begin PBXFileReference section */
		0E8FA1BF1DD34AB328B6C2C0 /* RootView.swift */ = {isa = PBXFileReference; lastKnownFileType = sourcecode.swift; path = RootView.swift; sourceTree = "<group>"; };
		14D97B3BF87C3AFC6D6A405A /* FitnessLogView.swift */ = {isa = PBXFileReference; lastKnownFileType = sourcecode.swift; path = FitnessLogView.swift; sourceTree = "<group>"; };
		29861D311D54958D5E8AD7C2 /* NewMe.entitlements */ = {isa = PBXFileReference; lastKnownFileType = text.plist.entitlements; path = NewMe.entitlements; sourceTree = "<group>"; };
		39EF0AFF032AD0612B918643 /* FoodItem.swift */ = {isa = PBXFileReference; lastKnownFileType = sourcecode.swift; path = FoodItem.swift; sourceTree = "<group>"; };
		3B289E6FB92A13EA015B05C0 /* NewMeApp.swift */ = {isa = PBXFileReference; lastKnownFileType = sourcecode.swift; path = NewMeApp.swift; sourceTree = "<group>"; };
		3DFEA0B75CB3F1AB0E5D2059 /* SeedData.swift */ = {isa = PBXFileReference; lastKnownFileType = sourcecode.swift; path = SeedData.swift; sourceTree = "<group>"; };
		4D54B3A683A21BFC40095AA8 /* FoodRow.swift */ = {isa = PBXFileReference; lastKnownFileType = sourcecode.swift; path = FoodRow.swift; sourceTree = "<group>"; };
		4FEB56A4DFE871CF81739742 /* CategoryGrid.swift */ = {isa = PBXFileReference; lastKnownFileType = sourcecode.swift; path = CategoryGrid.swift; sourceTree = "<group>"; };
		567CB52C2AC71C1DF6167E3E /* NewMe.app */ = {isa = PBXFileReference; includeInIndex = 0; lastKnownFileType = wrapper.application; path = NewMe.app; sourceTree = BUILT_PRODUCTS_DIR; };
		5939A353E2A49EAFBE6137AF /* SpendingLogView.swift */ = {isa = PBXFileReference; lastKnownFileType = sourcecode.swift; path = SpendingLogView.swift; sourceTree = "<group>"; };
		5B5CEDEF6DAA54A74AC7D56E /* MacroCard.swift */ = {isa = PBXFileReference; lastKnownFileType = sourcecode.swift; path = MacroCard.swift; sourceTree = "<group>"; };
		624447AAA11AB189D2A33409 /* Preview Assets.xcassets */ = {isa = PBXFileReference; lastKnownFileType = folder.assetcatalog; path = "Preview Assets.xcassets"; sourceTree = "<group>"; };
		684530DC556EA7D10A42C4A9 /* Assets.xcassets */ = {isa = PBXFileReference; lastKnownFileType = folder.assetcatalog; path = Assets.xcassets; sourceTree = "<group>"; };
		68D54D8EF5353BFC0B877D2D /* SpendLogEntry.swift */ = {isa = PBXFileReference; lastKnownFileType = sourcecode.swift; path = SpendLogEntry.swift; sourceTree = "<group>"; };
		6B78BF2D3FEE409FC4301F65 /* DateFormatters.swift */ = {isa = PBXFileReference; lastKnownFileType = sourcecode.swift; path = DateFormatters.swift; sourceTree = "<group>"; };
		8B7592FF7D0F6E7C700EA8AD /* AppHeader.swift */ = {isa = PBXFileReference; lastKnownFileType = sourcecode.swift; path = AppHeader.swift; sourceTree = "<group>"; };
		904A8D11B4BFE7000CFADD99 /* Color+Hex.swift */ = {isa = PBXFileReference; lastKnownFileType = sourcecode.swift; path = "Color+Hex.swift"; sourceTree = "<group>"; };
		912CFD0DA61DCB3D1A1C0ADF /* FitnessLogEntry.swift */ = {isa = PBXFileReference; lastKnownFileType = sourcecode.swift; path = FitnessLogEntry.swift; sourceTree = "<group>"; };
		954CA5BBD908EA10A2B6F9B5 /* CustomTabBar.swift */ = {isa = PBXFileReference; lastKnownFileType = sourcecode.swift; path = CustomTabBar.swift; sourceTree = "<group>"; };
		9FB42B1D68B03B51FF83CA54 /* UserGoals.swift */ = {isa = PBXFileReference; lastKnownFileType = sourcecode.swift; path = UserGoals.swift; sourceTree = "<group>"; };
		A761C7390AECA8E169F2D91F /* ContentView.swift */ = {isa = PBXFileReference; lastKnownFileType = sourcecode.swift; path = ContentView.swift; sourceTree = "<group>"; };
		C2EFDBD1137E6026D7C9009C /* CalendarView.swift */ = {isa = PBXFileReference; lastKnownFileType = sourcecode.swift; path = CalendarView.swift; sourceTree = "<group>"; };
		C3EF913E189B34F56C5D11AD /* ExerciseItem.swift */ = {isa = PBXFileReference; lastKnownFileType = sourcecode.swift; path = ExerciseItem.swift; sourceTree = "<group>"; };
		CE27B05FEDD4D981F2C77ED7 /* SummaryPill.swift */ = {isa = PBXFileReference; lastKnownFileType = sourcecode.swift; path = SummaryPill.swift; sourceTree = "<group>"; };
		CE490BB03964E90CD36D109B /* ExerciseCard.swift */ = {isa = PBXFileReference; lastKnownFileType = sourcecode.swift; path = ExerciseCard.swift; sourceTree = "<group>"; };
		D94957530C2BE28816CF223D /* SettingsView.swift */ = {isa = PBXFileReference; lastKnownFileType = sourcecode.swift; path = SettingsView.swift; sourceTree = "<group>"; };
		DA2CD710C2A1F54C07B105F1 /* AppColors.swift */ = {isa = PBXFileReference; lastKnownFileType = sourcecode.swift; path = AppColors.swift; sourceTree = "<group>"; };
		DD424F6088E97F7A54955847 /* FoodLogView.swift */ = {isa = PBXFileReference; lastKnownFileType = sourcecode.swift; path = FoodLogView.swift; sourceTree = "<group>"; };
		DD9C00A2BC3DF6C43D82FF40 /* AmountKeypad.swift */ = {isa = PBXFileReference; lastKnownFileType = sourcecode.swift; path = AmountKeypad.swift; sourceTree = "<group>"; };
		EA6F388ADAE433B9778079FB /* NumberInput.swift */ = {isa = PBXFileReference; lastKnownFileType = sourcecode.swift; path = NumberInput.swift; sourceTree = "<group>"; };
		FAAA3E2715A816CD9519756B /* FoodLogEntry.swift */ = {isa = PBXFileReference; lastKnownFileType = sourcecode.swift; path = FoodLogEntry.swift; sourceTree = "<group>"; };
/* End PBXFileReference section */

/* Begin PBXGroup section */
		0505EAB3D385C62397C62754 /* Food */ = {
			isa = PBXGroup;
			children = (
				DD424F6088E97F7A54955847 /* FoodLogView.swift */,
				4D54B3A683A21BFC40095AA8 /* FoodRow.swift */,
				5B5CEDEF6DAA54A74AC7D56E /* MacroCard.swift */,
			);
			path = Food;
			sourceTree = "<group>";
		};
		0AEC912868DB6BBE81CC4309 /* Products */ = {
			isa = PBXGroup;
			children = (
				567CB52C2AC71C1DF6167E3E /* NewMe.app */,
			);
			name = Products;
			sourceTree = "<group>";
		};
		1295BDEC51A2560CF0D771D7 = {
			isa = PBXGroup;
			children = (
				FD426EABA870495450503A3C /* NewMe */,
				0AEC912868DB6BBE81CC4309 /* Products */,
			);
			sourceTree = "<group>";
		};
		18F6068B2D4B4525E1EB680E /* Settings */ = {
			isa = PBXGroup;
			children = (
				D94957530C2BE28816CF223D /* SettingsView.swift */,
			);
			path = Settings;
			sourceTree = "<group>";
		};
		27EBD236E504F0827F9573E1 /* Views */ = {
			isa = PBXGroup;
			children = (
				338DFCF740613F35C2AC5E47 /* Calendar */,
				56D7B612F97C4883861DB5F1 /* Components */,
				76F1E038B498B12FF918A319 /* Fitness */,
				0505EAB3D385C62397C62754 /* Food */,
				18F6068B2D4B4525E1EB680E /* Settings */,
				DC951395D3F6DFFFF417E866 /* Spending */,
				0E8FA1BF1DD34AB328B6C2C0 /* RootView.swift */,
			);
			path = Views;
			sourceTree = "<group>";
		};
		338DFCF740613F35C2AC5E47 /* Calendar */ = {
			isa = PBXGroup;
			children = (
				C2EFDBD1137E6026D7C9009C /* CalendarView.swift */,
			);
			path = Calendar;
			sourceTree = "<group>";
		};
		3BFA9D66DB4389F2D9D2F1AA /* Theme */ = {
			isa = PBXGroup;
			children = (
				DA2CD710C2A1F54C07B105F1 /* AppColors.swift */,
				904A8D11B4BFE7000CFADD99 /* Color+Hex.swift */,
				6B78BF2D3FEE409FC4301F65 /* DateFormatters.swift */,
			);
			path = Theme;
			sourceTree = "<group>";
		};
		56D7B612F97C4883861DB5F1 /* Components */ = {
			isa = PBXGroup;
			children = (
				8B7592FF7D0F6E7C700EA8AD /* AppHeader.swift */,
				954CA5BBD908EA10A2B6F9B5 /* CustomTabBar.swift */,
			);
			path = Components;
			sourceTree = "<group>";
		};
		75F064B816AD662187B0DE1C /* Preview Content */ = {
			isa = PBXGroup;
			children = (
				624447AAA11AB189D2A33409 /* Preview Assets.xcassets */,
			);
			path = "Preview Content";
			sourceTree = "<group>";
		};
		76F1E038B498B12FF918A319 /* Fitness */ = {
			isa = PBXGroup;
			children = (
				CE490BB03964E90CD36D109B /* ExerciseCard.swift */,
				14D97B3BF87C3AFC6D6A405A /* FitnessLogView.swift */,
				EA6F388ADAE433B9778079FB /* NumberInput.swift */,
				CE27B05FEDD4D981F2C77ED7 /* SummaryPill.swift */,
			);
			path = Fitness;
			sourceTree = "<group>";
		};
		90BD92B0E6C67E178F484994 /* Models */ = {
			isa = PBXGroup;
			children = (
				C3EF913E189B34F56C5D11AD /* ExerciseItem.swift */,
				912CFD0DA61DCB3D1A1C0ADF /* FitnessLogEntry.swift */,
				39EF0AFF032AD0612B918643 /* FoodItem.swift */,
				FAAA3E2715A816CD9519756B /* FoodLogEntry.swift */,
				3DFEA0B75CB3F1AB0E5D2059 /* SeedData.swift */,
				68D54D8EF5353BFC0B877D2D /* SpendLogEntry.swift */,
				9FB42B1D68B03B51FF83CA54 /* UserGoals.swift */,
			);
			path = Models;
			sourceTree = "<group>";
		};
		DC951395D3F6DFFFF417E866 /* Spending */ = {
			isa = PBXGroup;
			children = (
				DD9C00A2BC3DF6C43D82FF40 /* AmountKeypad.swift */,
				4FEB56A4DFE871CF81739742 /* CategoryGrid.swift */,
				5939A353E2A49EAFBE6137AF /* SpendingLogView.swift */,
			);
			path = Spending;
			sourceTree = "<group>";
		};
		FD426EABA870495450503A3C /* NewMe */ = {
			isa = PBXGroup;
			children = (
				90BD92B0E6C67E178F484994 /* Models */,
				75F064B816AD662187B0DE1C /* Preview Content */,
				3BFA9D66DB4389F2D9D2F1AA /* Theme */,
				27EBD236E504F0827F9573E1 /* Views */,
				684530DC556EA7D10A42C4A9 /* Assets.xcassets */,
				A761C7390AECA8E169F2D91F /* ContentView.swift */,
				29861D311D54958D5E8AD7C2 /* NewMe.entitlements */,
				3B289E6FB92A13EA015B05C0 /* NewMeApp.swift */,
			);
			path = NewMe;
			sourceTree = "<group>";
		};
/* End PBXGroup section */

/* Begin PBXNativeTarget section */
		A1E02766ED4AFA5310516BFD /* NewMe */ = {
			isa = PBXNativeTarget;
			buildConfigurationList = AAFF1C36D628AEE1B5B1E472 /* Build configuration list for PBXNativeTarget "NewMe" */;
			buildPhases = (
				DA840B26B2BC583167815A04 /* Sources */,
				572D3A8C85841EADCCE9BC37 /* Resources */,
			);
			buildRules = (
			);
			dependencies = (
			);
			name = NewMe;
			packageProductDependencies = (
			);
			productName = NewMe;
			productReference = 567CB52C2AC71C1DF6167E3E /* NewMe.app */;
			productType = "com.apple.product-type.application";
		};
/* End PBXNativeTarget section */

/* Begin PBXProject section */
		0AC0AA47BB6CDA637F55B9E7 /* Project object */ = {
			isa = PBXProject;
			attributes = {
				BuildIndependentTargetsInParallel = YES;
				LastUpgradeCheck = 1430;
				TargetAttributes = {
					A1E02766ED4AFA5310516BFD = {
						DevelopmentTeam = "";
						ProvisioningStyle = Automatic;
					};
				};
			};
			buildConfigurationList = 9ACF6488F520AEE70C814F71 /* Build configuration list for PBXProject "NewMe" */;
			developmentRegion = en;
			hasScannedForEncodings = 0;
			knownRegions = (
				Base,
				en,
			);
			mainGroup = 1295BDEC51A2560CF0D771D7;
			minimizedProjectReferenceProxies = 1;
			preferredProjectObjectVersion = 77;
			productRefGroup = 0AEC912868DB6BBE81CC4309 /* Products */;
			projectDirPath = "";
			projectRoot = "";
			targets = (
				A1E02766ED4AFA5310516BFD /* NewMe */,
			);
		};
/* End PBXProject section */

/* Begin PBXResourcesBuildPhase section */
		572D3A8C85841EADCCE9BC37 /* Resources */ = {
			isa = PBXResourcesBuildPhase;
			buildActionMask = 2147483647;
			files = (
				D206A8F408F9C5719BA3B49C /* Assets.xcassets in Resources */,
				D2FAABAE0AC61051F5B83983 /* Preview Assets.xcassets in Resources */,
			);
			runOnlyForDeploymentPostprocessing = 0;
		};
/* End PBXResourcesBuildPhase section */

/* Begin PBXSourcesBuildPhase section */
		DA840B26B2BC583167815A04 /* Sources */ = {
			isa = PBXSourcesBuildPhase;
			buildActionMask = 2147483647;
			files = (
				F87221C9A041E49B853E1D98 /* AmountKeypad.swift in Sources */,
				7626D52FAE13E84E6315F864 /* AppColors.swift in Sources */,
				A639E1C5970D6AC87BAF9242 /* AppHeader.swift in Sources */,
				A4909DDDA04FFCB61B8D8ACE /* CalendarView.swift in Sources */,
				76EECB56723F699EEC32EC54 /* CategoryGrid.swift in Sources */,
				704882D79EE8841371D454CE /* Color+Hex.swift in Sources */,
				D7A6A5A862F09D3942F04938 /* ContentView.swift in Sources */,
				874332FFF72FF0E176FB3098 /* CustomTabBar.swift in Sources */,
				DB82F1D3453EC18A96080F5B /* DateFormatters.swift in Sources */,
				F4068D009A714787C53EC797 /* ExerciseCard.swift in Sources */,
				352A2BDCF475074745588CC5 /* ExerciseItem.swift in Sources */,
				390A2A4823F642F910A34BFE /* FitnessLogEntry.swift in Sources */,
				F650086D53109F7CFFE6C927 /* FitnessLogView.swift in Sources */,
				42D1461DF103D79503B8DC1D /* FoodItem.swift in Sources */,
				6787C9619F48E7340A788498 /* FoodLogEntry.swift in Sources */,
				9E53E30D1096E4ACEEC02611 /* FoodLogView.swift in Sources */,
				7E5B823469E3FEC2D1A3416F /* FoodRow.swift in Sources */,
				0F50FDE9FC1F85B6AF7340D5 /* MacroCard.swift in Sources */,
				8FC22C324CCFDF440053DCC9 /* NewMeApp.swift in Sources */,
				419977C8CEB8DF08A995F918 /* NumberInput.swift in Sources */,
				DD9190FAABFA7A1F32D2E39B /* RootView.swift in Sources */,
				E2F99F5946F2AB03BD9F5EF2 /* SeedData.swift in Sources */,
				A5DC0E141BFC5B1D28BCF594 /* SettingsView.swift in Sources */,
				FB2C034CAB57F04F4E4EB571 /* SpendLogEntry.swift in Sources */,
				C5DAA9C35A39D4ACBA2D7CFF /* SpendingLogView.swift in Sources */,
				93EF3D2B5A44273D588F1D21 /* SummaryPill.swift in Sources */,
				70467842BBB92FE825742F81 /* UserGoals.swift in Sources */,
			);
			runOnlyForDeploymentPostprocessing = 0;
		};
/* End PBXSourcesBuildPhase section */

/* Begin XCBuildConfiguration section */
		2F6D50BB4EC5EA199ADF70F3 /* Debug */ = {
			isa = XCBuildConfiguration;
			buildSettings = {
				ALWAYS_SEARCH_USER_PATHS = NO;
				CLANG_ANALYZER_NONNULL = YES;
				CLANG_ANALYZER_NUMBER_OBJECT_CONVERSION = YES_AGGRESSIVE;
				CLANG_CXX_LANGUAGE_STANDARD = "gnu++14";
				CLANG_CXX_LIBRARY = "libc++";
				CLANG_ENABLE_MODULES = YES;
				CLANG_ENABLE_OBJC_ARC = YES;
				CLANG_ENABLE_OBJC_WEAK = YES;
				CLANG_WARN_BLOCK_CAPTURE_AUTORELEASING = YES;
				CLANG_WARN_BOOL_CONVERSION = YES;
				CLANG_WARN_COMMA = YES;
				CLANG_WARN_CONSTANT_CONVERSION = YES;
				CLANG_WARN_DEPRECATED_OBJC_IMPLEMENTATIONS = YES;
				CLANG_WARN_DIRECT_OBJC_ISA_USAGE = YES_ERROR;
				CLANG_WARN_DOCUMENTATION_COMMENTS = YES;
				CLANG_WARN_EMPTY_BODY = YES;
				CLANG_WARN_ENUM_CONVERSION = YES;
				CLANG_WARN_INFINITE_RECURSION = YES;
				CLANG_WARN_INT_CONVERSION = YES;
				CLANG_WARN_NON_LITERAL_NULL_CONVERSION = YES;
				CLANG_WARN_OBJC_IMPLICIT_RETAIN_SELF = YES;
				CLANG_WARN_OBJC_LITERAL_CONVERSION = YES;
				CLANG_WARN_OBJC_ROOT_CLASS = YES_ERROR;
				CLANG_WARN_QUOTED_INCLUDE_IN_FRAMEWORK_HEADER = YES;
				CLANG_WARN_RANGE_LOOP_ANALYSIS = YES;
				CLANG_WARN_STRICT_PROTOTYPES = YES;
				CLANG_WARN_SUSPICIOUS_MOVE = YES;
				CLANG_WARN_UNGUARDED_AVAILABILITY = YES_AGGRESSIVE;
				CLANG_WARN_UNREACHABLE_CODE = YES;
				CLANG_WARN__DUPLICATE_METHOD_MATCH = YES;
				CODE_SIGN_STYLE = Automatic;
				COPY_PHASE_STRIP = NO;
				CURRENT_PROJECT_VERSION = 1;
				DEBUG_INFORMATION_FORMAT = dwarf;
				DEVELOPMENT_TEAM = "";
				ENABLE_STRICT_OBJC_MSGSEND = YES;
				ENABLE_TESTABILITY = YES;
				ENABLE_USER_SCRIPT_SANDBOXING = YES;
				GCC_C_LANGUAGE_STANDARD = gnu11;
				GCC_DYNAMIC_NO_PIC = NO;
				GCC_NO_COMMON_BLOCKS = YES;
				GCC_OPTIMIZATION_LEVEL = 0;
				GCC_PREPROCESSOR_DEFINITIONS = (
					"$(inherited)",
					"DEBUG=1",
				);
				GCC_WARN_64_TO_32_BIT_CONVERSION = YES;
				GCC_WARN_ABOUT_RETURN_TYPE = YES_ERROR;
				GCC_WARN_UNDECLARED_SELECTOR = YES;
				GCC_WARN_UNINITIALIZED_AUTOS = YES_AGGRESSIVE;
				GCC_WARN_UNUSED_FUNCTION = YES;
				GCC_WARN_UNUSED_VARIABLE = YES;
				IPHONEOS_DEPLOYMENT_TARGET = 17.0;
				MARKETING_VERSION = 1.0;
				MTL_ENABLE_DEBUG_INFO = INCLUDE_SOURCE;
				MTL_FAST_MATH = YES;
				ONLY_ACTIVE_ARCH = YES;
				PRODUCT_NAME = "$(TARGET_NAME)";
				SDKROOT = iphoneos;
				SWIFT_ACTIVE_COMPILATION_CONDITIONS = DEBUG;
				SWIFT_OPTIMIZATION_LEVEL = "-Onone";
				SWIFT_STRICT_CONCURRENCY = minimal;
				SWIFT_VERSION = 5.0;
			};
			name = Debug;
		};
		8986DEB10EC5275A36EB7FD9 /* Debug */ = {
			isa = XCBuildConfiguration;
			buildSettings = {
				ASSETCATALOG_COMPILER_APPICON_NAME = AppIcon;
				ASSETCATALOG_COMPILER_GLOBAL_ACCENT_COLOR_NAME = AccentColor;
				CODE_SIGN_ENTITLEMENTS = NewMe/NewMe.entitlements;
				CODE_SIGN_IDENTITY = "iPhone Developer";
				DEVELOPMENT_ASSET_PATHS = "\"NewMe/Preview Content\"";
				GENERATE_INFOPLIST_FILE = YES;
				INFOPLIST_KEY_CFBundleDisplayName = NewMe;
				INFOPLIST_KEY_UILaunchScreen_Generation = YES;
				INFOPLIST_KEY_UIStatusBarStyle = UIStatusBarStyleLightContent;
				INFOPLIST_KEY_UISupportedInterfaceOrientations = UIInterfaceOrientationPortrait;
				INFOPLIST_KEY_UIUserInterfaceStyle = Dark;
				IPHONEOS_DEPLOYMENT_TARGET = 17.0;
				LD_RUNPATH_SEARCH_PATHS = (
					"$(inherited)",
					"@executable_path/Frameworks",
				);
				PRODUCT_BUNDLE_IDENTIFIER = com.hmtanrikulu.newme;
				SDKROOT = iphoneos;
				TARGETED_DEVICE_FAMILY = 1;
			};
			name = Debug;
		};
		8D2E0798D6E0717372D854E4 /* Release */ = {
			isa = XCBuildConfiguration;
			buildSettings = {
				ALWAYS_SEARCH_USER_PATHS = NO;
				CLANG_ANALYZER_NONNULL = YES;
				CLANG_ANALYZER_NUMBER_OBJECT_CONVERSION = YES_AGGRESSIVE;
				CLANG_CXX_LANGUAGE_STANDARD = "gnu++14";
				CLANG_CXX_LIBRARY = "libc++";
				CLANG_ENABLE_MODULES = YES;
				CLANG_ENABLE_OBJC_ARC = YES;
				CLANG_ENABLE_OBJC_WEAK = YES;
				CLANG_WARN_BLOCK_CAPTURE_AUTORELEASING = YES;
				CLANG_WARN_BOOL_CONVERSION = YES;
				CLANG_WARN_COMMA = YES;
				CLANG_WARN_CONSTANT_CONVERSION = YES;
				CLANG_WARN_DEPRECATED_OBJC_IMPLEMENTATIONS = YES;
				CLANG_WARN_DIRECT_OBJC_ISA_USAGE = YES_ERROR;
				CLANG_WARN_DOCUMENTATION_COMMENTS = YES;
				CLANG_WARN_EMPTY_BODY = YES;
				CLANG_WARN_ENUM_CONVERSION = YES;
				CLANG_WARN_INFINITE_RECURSION = YES;
				CLANG_WARN_INT_CONVERSION = YES;
				CLANG_WARN_NON_LITERAL_NULL_CONVERSION = YES;
				CLANG_WARN_OBJC_IMPLICIT_RETAIN_SELF = YES;
				CLANG_WARN_OBJC_LITERAL_CONVERSION = YES;
				CLANG_WARN_OBJC_ROOT_CLASS = YES_ERROR;
				CLANG_WARN_QUOTED_INCLUDE_IN_FRAMEWORK_HEADER = YES;
				CLANG_WARN_RANGE_LOOP_ANALYSIS = YES;
				CLANG_WARN_STRICT_PROTOTYPES = YES;
				CLANG_WARN_SUSPICIOUS_MOVE = YES;
				CLANG_WARN_UNGUARDED_AVAILABILITY = YES_AGGRESSIVE;
				CLANG_WARN_UNREACHABLE_CODE = YES;
				CLANG_WARN__DUPLICATE_METHOD_MATCH = YES;
				CODE_SIGN_STYLE = Automatic;
				COPY_PHASE_STRIP = NO;
				CURRENT_PROJECT_VERSION = 1;
				DEBUG_INFORMATION_FORMAT = "dwarf-with-dsym";
				DEVELOPMENT_TEAM = "";
				ENABLE_NS_ASSERTIONS = NO;
				ENABLE_STRICT_OBJC_MSGSEND = YES;
				ENABLE_USER_SCRIPT_SANDBOXING = YES;
				GCC_C_LANGUAGE_STANDARD = gnu11;
				GCC_NO_COMMON_BLOCKS = YES;
				GCC_WARN_64_TO_32_BIT_CONVERSION = YES;
				GCC_WARN_ABOUT_RETURN_TYPE = YES_ERROR;
				GCC_WARN_UNDECLARED_SELECTOR = YES;
				GCC_WARN_UNINITIALIZED_AUTOS = YES_AGGRESSIVE;
				GCC_WARN_UNUSED_FUNCTION = YES;
				GCC_WARN_UNUSED_VARIABLE = YES;
				IPHONEOS_DEPLOYMENT_TARGET = 17.0;
				MARKETING_VERSION = 1.0;
				MTL_ENABLE_DEBUG_INFO = NO;
				MTL_FAST_MATH = YES;
				PRODUCT_NAME = "$(TARGET_NAME)";
				SDKROOT = iphoneos;
				SWIFT_COMPILATION_MODE = wholemodule;
				SWIFT_OPTIMIZATION_LEVEL = "-O";
				SWIFT_STRICT_CONCURRENCY = minimal;
				SWIFT_VERSION = 5.0;
			};
			name = Release;
		};
		EA4896F96F8E7D1301C567B7 /* Release */ = {
			isa = XCBuildConfiguration;
			buildSettings = {
				ASSETCATALOG_COMPILER_APPICON_NAME = AppIcon;
				ASSETCATALOG_COMPILER_GLOBAL_ACCENT_COLOR_NAME = AccentColor;
				CODE_SIGN_ENTITLEMENTS = NewMe/NewMe.entitlements;
				CODE_SIGN_IDENTITY = "iPhone Developer";
				DEVELOPMENT_ASSET_PATHS = "\"NewMe/Preview Content\"";
				GENERATE_INFOPLIST_FILE = YES;
				INFOPLIST_KEY_CFBundleDisplayName = NewMe;
				INFOPLIST_KEY_UILaunchScreen_Generation = YES;
				INFOPLIST_KEY_UIStatusBarStyle = UIStatusBarStyleLightContent;
				INFOPLIST_KEY_UISupportedInterfaceOrientations = UIInterfaceOrientationPortrait;
				INFOPLIST_KEY_UIUserInterfaceStyle = Dark;
				IPHONEOS_DEPLOYMENT_TARGET = 17.0;
				LD_RUNPATH_SEARCH_PATHS = (
					"$(inherited)",
					"@executable_path/Frameworks",
				);
				PRODUCT_BUNDLE_IDENTIFIER = com.hmtanrikulu.newme;
				SDKROOT = iphoneos;
				TARGETED_DEVICE_FAMILY = 1;
			};
			name = Release;
		};
/* End XCBuildConfiguration section */

/* Begin XCConfigurationList section */
		9ACF6488F520AEE70C814F71 /* Build configuration list for PBXProject "NewMe" */ = {
			isa = XCConfigurationList;
			buildConfigurations = (
				2F6D50BB4EC5EA199ADF70F3 /* Debug */,
				8D2E0798D6E0717372D854E4 /* Release */,
			);
			defaultConfigurationIsVisible = 0;
			defaultConfigurationName = Debug;
		};
		AAFF1C36D628AEE1B5B1E472 /* Build configuration list for PBXNativeTarget "NewMe" */ = {
			isa = XCConfigurationList;
			buildConfigurations = (
				8986DEB10EC5275A36EB7FD9 /* Debug */,
				EA4896F96F8E7D1301C567B7 /* Release */,
			);
			defaultConfigurationIsVisible = 0;
			defaultConfigurationName = Debug;
		};
/* End XCConfigurationList section */
	};
	rootObject = 0AC0AA47BB6CDA637F55B9E7 /* Project object */;
}
